
Microsoft Visual Studio Solution File, Format Version 12.00
# Visual Studio 15
Project("{FAE04EC0-301F-11D3-BF4B-00C04F79EFBC}") = "Assembly-CSharp", "Assembly-CSharp.csproj", "{BAA2AF18-BB69-E062-B6D5-D8F18A8DA044}"
EndProject
Project("{FAE04EC0-301F-11D3-BF4B-00C04F79EFBC}") = "Unity.2D.Tilemap.Extras", "Unity.2D.Tilemap.Extras.csproj", "{2730DE1C-1A29-F97A-62BC-32C5AF22EB4D}"
EndProject
Project("{FAE04EC0-301F-11D3-BF4B-00C04F79EFBC}") = "Unity.2D.Tilemap.Extras.Editor", "Unity.2D.Tilemap.Extras.Editor.csproj", "{44D92B0B-244D-69BB-F375-B9C870753E3E}"
EndProject
Global
	GlobalSection(SolutionConfigurationPlatforms) = preSolution
		Debug|Any CPU = Debug|Any CPU
		Release|Any CPU = Release|Any CPU
	EndGlobalSection
	GlobalSection(ProjectConfigurationPlatforms) = postSolution
		{BAA2AF18-BB69-E062-B6D5-D8F18A8DA044}.Debug|Any CPU.ActiveCfg = Debug|Any CPU
		{BAA2AF18-BB69-E062-B6D5-D8F18A8DA044}.Debug|Any CPU.Build.0 = Debug|Any CPU
		{BAA2AF18-BB69-E062-B6D5-D8F18A8DA044}.Release|Any CPU.ActiveCfg = Release|Any CPU
		{BAA2AF18-BB69-E062-B6D5-D8F18A8DA044}.Release|Any CPU.Build.0 = Release|Any CPU
		{2730DE1C-1A29-F97A-62BC-32C5AF22EB4D}.Debug|Any CPU.ActiveCfg = Debug|Any CPU
		{2730DE1C-1A29-F97A-62BC-32C5AF22EB4D}.Debug|Any CPU.Build.0 = Debug|Any CPU
		{2730DE1C-1A29-F97A-62BC-32C5AF22EB4D}.Release|Any CPU.ActiveCfg = Release|Any CPU
		{2730DE1C-1A29-F97A-62BC-32C5AF22EB4D}.Release|Any CPU.Build.0 = Release|Any CPU
		{44D92B0B-244D-69BB-F375-B9C870753E3E}.Debug|Any CPU.ActiveCfg = Debug|Any CPU
		{44D92B0B-244D-69BB-F375-B9C870753E3E}.Debug|Any CPU.Build.0 = Debug|Any CPU
		{44D92B0B-244D-69BB-F375-B9C870753E3E}.Release|Any CPU.ActiveCfg = Release|Any CPU
		{44D92B0B-244D-69BB-F375-B9C870753E3E}.Release|Any CPU.Build.0 = Release|Any CPU
	EndGlobalSection
	GlobalSection(SolutionProperties) = preSolution
		HideSolutionNode = FALSE
	EndGlobalSection
EndGlobal
